
Microsoft Visual Studio Solution File, Format Version 12.00
# Visual Studio Version 17
VisualStudioVersion = 17.8.34330.188
MinimumVisualStudioVersion = 10.0.40219.1
Project("{FAE04EC0-301F-11D3-BF4B-00C04F79EFBC}") = "NetWelcomeApp", "NetWelcomeApp\NetWelcomeApp.csproj", "{94BDD340-7183-44C5-8A0C-DC2C3DE003CF}"
EndProject
Global
	GlobalSection(SolutionConfigurationPlatforms) = preSolution
		Debug|Any CPU = Debug|Any CPU
		Release|Any CPU = Release|Any CPU
	EndGlobalSection
	GlobalSection(ProjectConfigurationPlatforms) = postSolution
		{94BDD340-7183-44C5-8A0C-DC2C3DE003CF}.Debug|Any CPU.ActiveCfg = Debug|Any CPU
		{94BDD340-7183-44C5-8A0C-DC2C3DE003CF}.Debug|Any CPU.Build.0 = Debug|Any CPU
		{94BDD340-7183-44C5-8A0C-DC2C3DE003CF}.Release|Any CPU.ActiveCfg = Release|Any CPU
		{94BDD340-7183-44C5-8A0C-DC2C3DE003CF}.Release|Any CPU.Build.0 = Release|Any CPU
	EndGlobalSection
	GlobalSection(SolutionProperties) = preSolution
		HideSolutionNode = FALSE
	EndGlobalSection
	GlobalSection(ExtensibilityGlobals) = postSolution
		SolutionGuid = {3ABADF75-9FFA-4E53-9448-2A22CA4B5C59}
	EndGlobalSection
EndGlobal
